# THIS IS AN AUTOGENERATED FILE. DO NOT EDIT THIS FILE DIRECTLY.
# yarn lockfile v1


ansi-regex@^5.0.1:
  version "5.0.1"
  resolved "https://registry.npmmirror.com/ansi-regex/-/ansi-regex-5.0.1.tgz#082cb2c89c9fe8659a311a53bd6a4dc5301db304"
  integrity sha512-quJQXlTSUGL2LH9SUXo8VwsY4soanhgo6LNSm84E1LBcE8s3O0wpdiRzyR9z/ZZJMlMWv37qOOb9pdJlMUEKFQ==

ansi-styles@^4.0.0:
  version "4.3.0"
  resolved "https://registry.npmmirror.com/ansi-styles/-/ansi-styles-4.3.0.tgz#edd803628ae71c04c85ae7a0906edad34b648937"
  integrity sha512-zbB9rCJAT1rbjiVDb2hqKFHNYLxgtk8NURxZ3IZwD3F6NtxbXZQCnnSi1Lkx+IDohdPlFp222wVALIheZJQSEg==
  dependencies:
    color-convert "^2.0.1"

ansi-styles@~1.0.0:
  version "1.0.0"
  resolved "https://registry.npmmirror.com/ansi-styles/-/ansi-styles-1.0.0.tgz#cb102df1c56f5123eab8b67cd7b98027a0279178"
  integrity sha512-3iF4FIKdxaVYT3JqQuY3Wat/T2t7TRbbQ94Fu50ZUCbLy4TFbTzr90NOHQodQkNqmeEGCw8WbeP78WNi6SKYUA==

argparse@^1.0.7:
  version "1.0.10"
  resolved "https://registry.npmmirror.com/argparse/-/argparse-1.0.10.tgz#bcd6791ea5ae09725e17e5ad988134cd40b3d911"
  integrity sha512-o5Roy6tNG4SL/FOkCAN6RzjiakZS25RLYFrcMttJqbdd8BWrnA+fGz57iN5Pb06pvBGvl5gQ0B48dJlslXvoTg==
  dependencies:
    sprintf-js "~1.0.2"

"argparse@~ 0.1.11":
  version "0.1.16"
  resolved "https://registry.npmmirror.com/argparse/-/argparse-0.1.16.tgz#cfd01e0fbba3d6caed049fbd758d40f65196f57c"
  integrity sha512-LjmC2dNpdn2L4UzyoaIr11ELYoLn37ZFy9zObrQFHsSuOepeUEMKnM8w5KL4Tnrp2gy88rRuQt6Ky8Bjml+Baw==
  dependencies:
    underscore "~1.7.0"
    underscore.string "~2.4.0"

array-differ@^0.1.0:
  version "0.1.0"
  resolved "https://registry.npmmirror.com/array-differ/-/array-differ-0.1.0.tgz#12e2c9b706bed47c8b483b57e487473fb0861f3a"
  integrity sha512-RGmBEbSH4jw1OLmdJtZEL5P6AvgKR9SZGF4KQoWnCmd+QVajPUNEIMSuS1q0ZEdsMUujKGICDsgg4znkzvKi3Q==

array-flatten@^2.1.2:
  version "2.1.2"
  resolved "https://registry.npmmirror.com/array-flatten/-/array-flatten-2.1.2.tgz#24ef80a28c1a893617e2149b0c6d0d788293b099"
  integrity sha512-hNfzcOV8W4NdualtqBFPyVO+54DSJuZGY9qT4pRroB6S9e3iiido2ISIC5h9R2sPJ8H3FHCIiEnsv1lPXO3KtQ==

array-slice@^0.2.2:
  version "0.2.3"
  resolved "https://registry.npmmirror.com/array-slice/-/array-slice-0.2.3.tgz#dd3cfb80ed7973a75117cdac69b0b99ec86186f5"
  integrity sha512-rlVfZW/1Ph2SNySXwR9QYkChp8EkOEiTMO5Vwx60usw04i4nWemkm9RXmQqgkQFaLHsqLuADvjp6IfgL9l2M8Q==

array-union@^0.1.0:
  version "0.1.0"
  resolved "https://registry.npmmirror.com/array-union/-/array-union-0.1.0.tgz#ede98088330665e699e1ebf0227cbc6034e627db"
  integrity sha512-XVcavaat1j9X9CvRZnqRKlI3MM4+XoDdjrOWytkFncy2Z2hSPYyTEtNBNTyMrX+q7Yw+W/e4kURGCiAH0wEy+w==
  dependencies:
    array-uniq "^0.1.0"

array-uniq@^0.1.0:
  version "0.1.1"
  resolved "https://registry.npmmirror.com/array-uniq/-/array-uniq-0.1.1.tgz#5861f3ed4e4bb6175597a4e078e8aa78ebe958c7"
  integrity sha512-f2yZoxGtRdrmvV142WQ8ALxpA/nQihGiO0kWVkA4O1dmUbCFn3HjYu6wnKzs/gBhB/gJiEKhk66DtSTEVZM5ag==

arrayify-compact@^0.1.0:
  version "0.1.1"
  resolved "https://registry.npmmirror.com/arrayify-compact/-/arrayify-compact-0.1.1.tgz#64f0214073dd8b8cfc9113b77558c633c801ff78"
  integrity sha512-3R2V/8ixAhDXxyeWZ9aVzncUscrASg1TPrVsUgkxaMb0/WJLo5u769wYYf916OKqRCF+GKXaosouk1ixIfX89g==
  dependencies:
    array-flatten "^2.1.2"

async@^0.9.0:
  version "0.9.2"
  resolved "https://registry.npmmirror.com/async/-/async-0.9.2.tgz#aea74d5e61c1f899613bf64bda66d4c78f2fd17d"
  integrity sha512-l6ToIJIotphWahxxHyzK9bnLR6kM4jJIIgLShZeqLY7iboHoGkdgFl7W2/Ivi4SkMJYGKqW8vSuk0uKUj6qsSw==

async@~0.6.2:
  version "0.6.2"
  resolved "https://registry.npmmirror.com/async/-/async-0.6.2.tgz#41fd038a3812c0a8bc1842ecf08ba63eb0392bef"
  integrity sha512-fWbn+CMBgn1KOL/UvYdsmH+gMN/fW+lzAoadt4VUFvB/t0pB4aY9RfRCCvhoA58jocHyYm5TGbeuZsPc9i1Cpg==

balanced-match@^1.0.0:
  version "1.0.2"
  resolved "https://registry.npmmirror.com/balanced-match/-/balanced-match-1.0.2.tgz#e83e3a7e3f300b34cb9d87f615fa0cbf357690ee"
  integrity sha512-3oSeUO0TMV67hN1AmbXsK4yaqU7tjiHlbxRDZOpH0KW9+CeX4bRAaX0Anxt0tx2MrpRpWwQaPwIlISEJhYU5Pw==

brace-expansion@^1.0.0, brace-expansion@^1.1.7:
  version "1.1.11"
  resolved "https://registry.npmmirror.com/brace-expansion/-/brace-expansion-1.1.11.tgz#3c7fcbf529d87226f3d2f52b966ff5271eb441dd"
  integrity sha512-iCuPHDFgrHX7H2vEI/5xpz07zSHB00TpugqhmYtVmMO6518mCuRMoOYFldEBl0g187ufozdaHgWKcYFb61qGiA==
  dependencies:
    balanced-match "^1.0.0"
    concat-map "0.0.1"

chalk@~0.4.0:
  version "0.4.0"
  resolved "https://registry.npmmirror.com/chalk/-/chalk-0.4.0.tgz#5199a3ddcd0c1efe23bc08c1b027b06176e0c64f"
  integrity sha512-sQfYDlfv2DGVtjdoQqxS0cEZDroyG8h6TamA6rvxwlrU5BaSLDx9xhatBYl2pxZ7gmpNaPFVwBtdGdu5rQ+tYQ==
  dependencies:
    ansi-styles "~1.0.0"
    has-color "~0.1.0"
    strip-ansi "~0.1.0"

cliui@^8.0.1:
  version "8.0.1"
  resolved "https://registry.npmmirror.com/cliui/-/cliui-8.0.1.tgz#0c04b075db02cbfe60dc8e6cf2f5486b1a3608aa"
  integrity sha512-BSeNnyus75C4//NQ9gQt1/csTXyo/8Sb+afLAkzAptFuMsod9HFokGNudZpi/oQV73hnVK+sR+5PVRMd+Dr7YQ==
  dependencies:
    string-width "^4.2.0"
    strip-ansi "^6.0.1"
    wrap-ansi "^7.0.0"

coffee-script@^1.8.0:
  version "1.12.7"
  resolved "https://registry.npmmirror.com/coffee-script/-/coffee-script-1.12.7.tgz#c05dae0cb79591d05b3070a8433a98c9a89ccc53"
  integrity sha512-fLeEhqwymYat/MpTPUjSKHVYYl0ec2mOyALEMLmzr5i1isuG+6jfI2j2d5oBO3VIzgUXgBVIcOT9uH1TFxBckw==

color-convert@^2.0.1:
  version "2.0.1"
  resolved "https://registry.npmmirror.com/color-convert/-/color-convert-2.0.1.tgz#72d3a68d598c9bdb3af2ad1e84f21d896abd4de3"
  integrity sha512-RRECPsj7iu/xb5oKYcsFHSppFNnsj/52OVTRKb4zP5onXwVF3zVmmToNcOfGC+CRDpfK/U584fMg38ZHCaElKQ==
  dependencies:
    color-name "~1.1.4"

color-name@~1.1.4:
  version "1.1.4"
  resolved "https://registry.npmmirror.com/color-name/-/color-name-1.1.4.tgz#c2a09a87acbde69543de6f63fa3995c826c536a2"
  integrity sha512-dOy+3AuW3a2wNbZHIuMZpTcgjGuLU/uBL/ubcZF9OXbDo8ff4O8yVp5Bf0efS8uEoYo5q4Fx7dY9OgQGXgAsQA==

concat-map@0.0.1:
  version "0.0.1"
  resolved "https://registry.npmmirror.com/concat-map/-/concat-map-0.0.1.tgz#d8a96bd77fd68df7793a73036a3ba0d5405d477b"
  integrity sha512-/Srv4dswyQNBfohGpz9o6Yb3Gz3SrUDqBH5rTuhGR7ahtlbYKnVxw2bCFMRljaA7EXHaXZ8wsHdodFvbkhKmqg==

crypto@^1.0.1:
  version "1.0.1"
  resolved "https://registry.npmmirror.com/crypto/-/crypto-1.0.1.tgz#2af1b7cad8175d24c8a1b0778255794a21803037"
  integrity sha512-VxBKmeNcqQdiUQUW2Tzq0t377b54N2bMtXO/qiLa+6eRRmmC4qT3D4OnTGoT/U6O9aklQ/jTwbOtRMTTY8G0Ig==

delete@^0.1.5:
  version "0.1.5"
  resolved "https://registry.npmmirror.com/delete/-/delete-0.1.5.tgz#3ee65797f5bead71c82c8526562d6643759da9c3"
  integrity sha512-oCj4wS+rXzT6FHSKMpU26TNZLWnGDd6lqK94FV6+cBlgd97sMgPrulRz1711EdxtEvxL5ZgXUtLMo82GeA1L7g==
  dependencies:
    is-path-cwd "^0.1.0"
    is-path-in-cwd "^0.1.1"
    rimraf "^2.2.8"

delims@^0.4.0:
  version "0.4.2"
  resolved "https://registry.npmmirror.com/delims/-/delims-0.4.2.tgz#ce7f36c9cf709a9e244f83997aa91cb749b452a8"
  integrity sha512-PAOOAbGWNT/LGwJ211zq8AF1gW16uCe9cV1pzqJL2FPovZwRL3JJyCMf9u/bODP+t4rIB6zGaP2ED1yOw3WIZQ==
  dependencies:
    arrayify-compact "^0.1.0"
    mixin-deep "^0.1.0"
    object-pick "^0.1.1"

delims@~0.1.4:
  version "0.1.4"
  resolved "https://registry.npmmirror.com/delims/-/delims-0.1.4.tgz#21fe846f16a4056af871a64861a1e160f1a041f7"
  integrity sha512-z5CrJqQOkZtWPNQQhnencu8RC0fIbS4jkh+yYXyMZDLnKmg9wF9iZO5TOIounQFnjutY1FrxMQ3zHKFAYbi5fQ==
  dependencies:
    lodash "~2.4.1"

ejs@2.5.1:
  version "2.5.1"
  resolved "https://registry.npmmirror.com/ejs/-/ejs-2.5.1.tgz#dbc0ac40812d3b451dad063fcd369e4e47d80287"
  integrity sha512-EI2FC9/na7CBeGwWhxaz21+9XogiVMf8yIM6cMVOebAcR8sAEEgcqJkzPniM56yuIWFVbg2qCgX6sIBDlJvxbQ==

emoji-regex@^8.0.0:
  version "8.0.0"
  resolved "https://registry.npmmirror.com/emoji-regex/-/emoji-regex-8.0.0.tgz#e818fd69ce5ccfcb404594f842963bf53164cc37"
  integrity sha512-MSjYzcWNOA0ewAHpz0MxpYFvwg6yjy1NG3xteoqz644VCo/RPgnr1/GGt+ic3iJTzQ8Eu3TdM14SawnVUmGE6A==

escalade@^3.1.1:
  version "3.1.1"
  resolved "https://registry.npmmirror.com/escalade/-/escalade-3.1.1.tgz#d8cfdc7000965c5a0174b4a82eaa5c0552742e40"
  integrity sha512-k0er2gUkLf8O0zKJiAhmkTnJlTvINGv7ygDNPbeIsX/TJjGJZHuh9B2UxbsaEkmlEo9MfhrSzmhIlhRlI2GXnw==

esprima@^4.0.0:
  version "4.0.1"
  resolved "https://registry.npmmirror.com/esprima/-/esprima-4.0.1.tgz#13b04cdb3e6c5d19df91ab6987a8695619b0aa71"
  integrity sha512-eGuFFw7Upda+g4p+QHvnW0RyTX/SVeJBDM/gCtMARO0cLuT2HcEKnTPvhjV6aGeqrCB/sbNop0Kszm0jsaWU4A==

"esprima@~ 1.0.2":
  version "1.0.4"
  resolved "https://registry.npmmirror.com/esprima/-/esprima-1.0.4.tgz#9f557e08fc3b4d26ece9dd34f8fbf476b62585ad"
  integrity sha512-rp5dMKN8zEs9dfi9g0X1ClLmV//WRyk/R15mppFNICIFRG5P92VP7Z04p8pk++gABo9W2tY+kHyu6P1mEHgmTA==

extend-shallow@^0.1.0:
  version "0.1.1"
  resolved "https://registry.npmmirror.com/extend-shallow/-/extend-shallow-0.1.1.tgz#913c08db4887d3297dc762df8b5815757f56ddf3"
  integrity sha512-kjnQQrLFoGTCDnKE5RgRJpRz4/fX+/eeaGS8usXHbuUe22TnWpGd7KDmTsmG+5ePMWmEOJiw6NTDbRXkCW3bgA==
  dependencies:
    array-slice "^0.2.2"

extend-shallow@^2.0.1:
  version "2.0.1"
  resolved "https://registry.npmmirror.com/extend-shallow/-/extend-shallow-2.0.1.tgz#51af7d614ad9a9f610ea1bafbb989d6b1c56890f"
  integrity sha512-zCnTtlxNoAiDc3gqY2aYAWFx7XWWiasuF2K8Me5WbN8otHKTUKBwjPtNpRs/rbUZm7KxWAaNj7P1a/p52GbVug==
  dependencies:
    is-extendable "^0.1.0"

for-in@^1.0.1:
  version "1.0.2"
  resolved "https://registry.npmmirror.com/for-in/-/for-in-1.0.2.tgz#81068d295a8142ec0ac726c6e2200c30fb6d5e80"
  integrity sha512-7EwmXrOjyL+ChxMhmG5lnW9MPt1aIeZEwKhQzoBUdTV0N3zuwWDZYVJatDvZ2OyzPUvdIAZDsCetk3coyMfcnQ==

for-own@^0.1.1:
  version "0.1.5"
  resolved "https://registry.npmmirror.com/for-own/-/for-own-0.1.5.tgz#5265c681a4f294dabbf17c9509b6763aa84510ce"
  integrity sha512-SKmowqGTJoPzLO1T0BBJpkfp3EMacCMOuH40hOUbrbzElVktk4DioXVM99QkLCyKoiuOmyjgcWMpVz2xjE7LZw==
  dependencies:
    for-in "^1.0.1"

fs-utils@^0.5.0:
  version "0.5.0"
  resolved "https://registry.npmmirror.com/fs-utils/-/fs-utils-0.5.0.tgz#171bb985501ec9bcb662bf62c9916c9aadeace24"
  integrity sha512-rwpdtjy7UBh28dT31g8FZGMIcrzxSqRWTtdHn0xUfHTE1YzZu4pYkhaV+qeLmzxoedInae+AbDkmoG6p6tYgZw==
  dependencies:
    async "^0.9.0"
    delete "^0.1.5"
    extend-shallow "^0.1.0"
    globby "^0.1.1"
    graceful-fs "^3.0.2"
    is-absolute "^0.1.5"
    js-yaml "^3.2.2"
    kind-of "^0.1.0"
    relative "^0.1.6"

fs-utils@~0.4.1:
  version "0.4.3"
  resolved "https://registry.npmmirror.com/fs-utils/-/fs-utils-0.4.3.tgz#641766fe5415d116441dec647698c13d6cf9cf77"
  integrity sha512-8QI7+QjKfm5RZPkAEEwKZsltqlbUTPIgtPljVLr0ijTy62W3j8I/znThOpwMnj8pfFyPB8YAkj6Bx5dy7gYHUg==
  dependencies:
    async "~0.6.2"
    globule "~0.2.0"
    graceful-fs "~2.0.3"
    js-yaml "~3.0.2"
    lodash "~2.4.1"
    mkdirp "~0.3.5"
    rimraf "~2.2.6"

fs.realpath@^1.0.0:
  version "1.0.0"
  resolved "https://registry.npmmirror.com/fs.realpath/-/fs.realpath-1.0.0.tgz#1504ad2523158caa40db4a2787cb01411994ea4f"
  integrity sha512-OO0pH2lK6a0hZnAdau5ItzHPI6pUlvI7jMVnxUQRtw4owF2wk8lOSabtGDCTP4Ggrg2MbGnWO9X8K1t4+fGMDw==

get-caller-file@^2.0.5:
  version "2.0.5"
  resolved "https://registry.npmmirror.com/get-caller-file/-/get-caller-file-2.0.5.tgz#4f94412a82db32f36e3b0b9741f8a97feb031f7e"
  integrity sha512-DyFP3BM/3YHTQOCUL/w0OZHR0lpKeGrxotcHWcqNEdnltqFwXVfhEBQ94eIo34AfQpo0rGki4cyIiftY06h2Fg==

glob@^4.0.2:
  version "4.5.3"
  resolved "https://registry.npmmirror.com/glob/-/glob-4.5.3.tgz#c6cb73d3226c1efef04de3c56d012f03377ee15f"
  integrity sha512-I0rTWUKSZKxPSIAIaqhSXTM/DiII6wame+rEC3cFA5Lqmr9YmdL7z6Hj9+bdWtTvoY1Su4/OiMLmb37Y7JzvJQ==
  dependencies:
    inflight "^1.0.4"
    inherits "2"
    minimatch "^2.0.1"
    once "^1.3.0"

glob@^7.1.3:
  version "7.2.3"
  resolved "https://registry.npmmirror.com/glob/-/glob-7.2.3.tgz#b8df0fb802bbfa8e89bd1d938b4e16578ed44f2b"
  integrity sha512-nFR0zLpU2YCaRxwoCJvL6UvCH2JFyFVIvwTLsIf21AuHlMskA1hhTdk+LlYJtOlYt9v6dvszD2BGRqBL+iQK9Q==
  dependencies:
    fs.realpath "^1.0.0"
    inflight "^1.0.4"
    inherits "2"
    minimatch "^3.1.1"
    once "^1.3.0"
    path-is-absolute "^1.0.0"

glob@~3.2.7:
  version "3.2.11"
  resolved "https://registry.npmmirror.com/glob/-/glob-3.2.11.tgz#4a973f635b9190f715d10987d5c00fd2815ebe3d"
  integrity sha512-hVb0zwEZwC1FXSKRPFTeOtN7AArJcJlI6ULGLtrstaswKNlrTJqAA+1lYlSUop4vjA423xlBzqfVS3iWGlqJ+g==
  dependencies:
    inherits "2"
    minimatch "0.3"

globby@^0.1.1:
  version "0.1.1"
  resolved "https://registry.npmmirror.com/globby/-/globby-0.1.1.tgz#cbec63df724b4bea458b79a16cc0e3b1f2ca8620"
  integrity sha512-2pbBkdOV/R5/MhfIjBuYikDsIYEJr7V9grzdsGkJKYCww7PV1pB5BJmBq4vAPvfZT1FO+EM373bK4HaOVl988g==
  dependencies:
    array-differ "^0.1.0"
    array-union "^0.1.0"
    async "^0.9.0"
    glob "^4.0.2"

globule@~0.2.0:
  version "0.2.0"
  resolved "https://registry.npmmirror.com/globule/-/globule-0.2.0.tgz#26b64d10e1edcab6098d8fe00bd2b73cca08a8fb"
  integrity sha512-mMhYxzb8wpE7VtHkJi+jk0yjlBLFetYMAnkcFutmDo4uSFAHu/1tLgVm9Y6HcaTaX1DZBJjZOM1KqqCZDvBLBw==
  dependencies:
    glob "~3.2.7"
    lodash "~2.4.1"
    minimatch "~0.2.11"

graceful-fs@^3.0.2, graceful-fs@^4.2.11, graceful-fs@~2.0.3:
  version "4.2.11"
  resolved "https://registry.npmmirror.com/graceful-fs/-/graceful-fs-4.2.11.tgz#4183e4e8bf08bb6e05bbb2f7d2e0c8f712ca40e3"
  integrity sha512-RbJ5/jmFcNNCcDV5o9eTnBLJ/HszWV0P73bc+Ff4nS/rJj+YaS6IGyiOL0VoBYX+l1Wrl3k63h/KrH+nhJ0XvQ==

gray-matter@^0.5.1:
  version "0.5.3"
  resolved "https://registry.npmmirror.com/gray-matter/-/gray-matter-0.5.3.tgz#7655233bbf6ff667164e4f657a2e64dea0d9ad3b"
  integrity sha512-HtfY1q9h5YhmyKqwhlh5cKWuLCAQP4jvTuaKUCTIP0qibyzZY5DL0Bw0SvuqthScOoF2nZyZ7dNfVP/LoZZTQg==
  dependencies:
    coffee-script "^1.8.0"
    delims "^0.4.0"
    js-yaml "^3.2.2"
    lodash "^2.4.1"
    mixin-deep "^0.1.0"
    toml "^2.0.6"
    verbalize "^0.1.2"

gray-matter@^4.0.3:
  version "4.0.3"
  resolved "https://registry.npmmirror.com/gray-matter/-/gray-matter-4.0.3.tgz#e893c064825de73ea1f5f7d88c7a9f7274288798"
  integrity sha512-5v6yZd4JK3eMI3FqqCouswVqwugaA9r4dNZB1wwcmrD02QkV5H0y7XBQW8QwQqEaZY1pM9aqORSORhJRdNK44Q==
  dependencies:
    js-yaml "^3.13.1"
    kind-of "^6.0.2"
    section-matter "^1.0.0"
    strip-bom-string "^1.0.0"

has-color@~0.1.0:
  version "0.1.7"
  resolved "https://registry.npmmirror.com/has-color/-/has-color-0.1.7.tgz#67144a5260c34fc3cca677d041daf52fe7b78b2f"
  integrity sha512-kaNz5OTAYYmt646Hkqw50/qyxP2vFnTVu5AQ1Zmk22Kk5+4Qx6BpO8+u7IKsML5fOsFk0ZT0AcCJNYwcvaLBvw==

highlight.js@^11.8.0:
  version "11.8.0"
  resolved "https://registry.npmmirror.com/highlight.js/-/highlight.js-11.8.0.tgz#966518ea83257bae2e7c9a48596231856555bb65"
  integrity sha512-MedQhoqVdr0U6SSnWPzfiadUcDHfN/Wzq25AkXiQv9oiOO/sG0S7XkvpFIqWBl9Yq1UYyYOOVORs5UW2XlPyzg==

highlight@^0.2.4:
  version "0.2.4"
  resolved "https://registry.npmmirror.com/highlight/-/highlight-0.2.4.tgz#8ac02875b03f5935e0675852b76cfe1fd58e0dff"
  integrity sha512-TEcWU6BolpDYIaVD91KmaYe/kRZwOmQlLWZGO8DK+Cs555+7mawk2KUnF/dBwcLnrvlCDk/xC+BXfz7Zva+Jfg==

inflight@^1.0.4:
  version "1.0.6"
  resolved "https://registry.npmmirror.com/inflight/-/inflight-1.0.6.tgz#49bd6331d7d02d0c09bc910a1075ba8165b56df9"
  integrity sha512-k92I/b08q4wvFscXCLvqfsHCrjrF7yiXsQuIVvVE7N82W3+aqpzuUdBbfhWcy/FZR3/4IgflMgKLOsvPDrGCJA==
  dependencies:
    once "^1.3.0"
    wrappy "1"

inherits@2:
  version "2.0.4"
  resolved "https://registry.npmmirror.com/inherits/-/inherits-2.0.4.tgz#0fa2c64f932917c3433a0ded55363aae37416b7c"
  integrity sha512-k/vGaX4/Yla3WzyMCvTQOXYeIHvqOKtnqBduzTHpzpQZzAskKMhZ2K+EnBiSM9zGSoIFeMpXKxa4dYeZIQqewQ==

inherits@2.0.3:
  version "2.0.3"
  resolved "https://registry.npmmirror.com/inherits/-/inherits-2.0.3.tgz#633c2c83e3da42a502f52466022480f4208261de"
  integrity sha512-x00IRNXNy63jwGkJmzPigoySHbaqpNuzKbBOmzK+g2OdZpQ9w+sxCN+VSB3ja7IAge2OP2qpfxTjeNcyjmW1uw==

is-absolute@^0.1.5:
  version "0.1.7"
  resolved "https://registry.npmmirror.com/is-absolute/-/is-absolute-0.1.7.tgz#847491119fccb5fb436217cc737f7faad50f603f"
  integrity sha512-Xi9/ZSn4NFapG8RP98iNPMOeaV3mXPisxKxzKtHVqr3g56j/fBn+yZmnxSVAA8lmZbl2J9b/a4kJvfU3hqQYgA==
  dependencies:
    is-relative "^0.1.0"

is-extendable@^0.1.0:
  version "0.1.1"
  resolved "https://registry.npmmirror.com/is-extendable/-/is-extendable-0.1.1.tgz#62b110e289a471418e3ec36a617d472e301dfc89"
  integrity sha512-5BMULNob1vgFX6EjQw5izWDxrecWK9AM72rugNr0TFldMOi0fj6Jk+zeKIt0xGj4cEfQIJth4w3OKWOJ4f+AFw==

is-fullwidth-code-point@^3.0.0:
  version "3.0.0"
  resolved "https://registry.npmmirror.com/is-fullwidth-code-point/-/is-fullwidth-code-point-3.0.0.tgz#f116f8064fe90b3f7844a38997c0b75051269f1d"
  integrity sha512-zymm5+u+sCsSWyD9qNaejV3DFvhCKclKdizYaJUuHA83RLjb7nSuGnddCHGv0hk+KY7BMAlsWeK4Ueg6EV6XQg==

is-path-cwd@^0.1.0:
  version "0.1.0"
  resolved "https://registry.npmmirror.com/is-path-cwd/-/is-path-cwd-0.1.0.tgz#df3c09a7cab10bd40b9d1cdfae485bd882d4b1ab"
  integrity sha512-sQ1d9BLQDnzQwNRu5yo6h3y6LoBLxb4wEaJU/9UWupm+AUpk966xPzu1kerX2+gVRPLonHmT+Tf+3xeezrkeVw==

is-path-in-cwd@^0.1.1:
  version "0.1.1"
  resolved "https://registry.npmmirror.com/is-path-in-cwd/-/is-path-in-cwd-0.1.1.tgz#aa91ec89e13d63e3efc6847cac4cf29c99f92465"
  integrity sha512-BvNEfkI1wBNzNP59P5h9LjtRzANskAM4AevsHLGAqr12Azu5vO9f7Uv28L8Klg6a2WU5F26iB6hJpvqcLJcm0A==
  dependencies:
    is-path-inside "^0.1.0"

is-path-inside@^0.1.0:
  version "0.1.0"
  resolved "https://registry.npmmirror.com/is-path-inside/-/is-path-inside-0.1.0.tgz#80a5625e69ec88acd0ebe7bc06ecb89a1438de94"
  integrity sha512-Z/Naw3ZVkpJP/cqrbQsN65dyb43FHNO8rYR0VuButoomVYaipDI4jkowdZQMPS/oxQQKWQh7qLnYEmd/DmqM5w==
  dependencies:
    path-is-inside "^1.0.1"

is-plain-object@^0.1.0:
  version "0.1.0"
  resolved "https://registry.npmmirror.com/is-plain-object/-/is-plain-object-0.1.0.tgz#3ca7db022de72fd12007f1957beb59ea596b979c"
  integrity sha512-pb50PSj2wtnl3sxe0uy8851298LRiZygwy48zRPwSIINOvDIZvO35ndeNTxFdNz5ilaWL37utyr3i+p9EeO4Sg==

is-relative@^0.1.0:
  version "0.1.3"
  resolved "https://registry.npmmirror.com/is-relative/-/is-relative-0.1.3.tgz#905fee8ae86f45b3ec614bc3c15c869df0876e82"
  integrity sha512-wBOr+rNM4gkAZqoLRJI4myw5WzzIdQosFAAbnvfXP5z1LyzgAI3ivOKehC5KfqlQJZoihVhirgtCBj378Eg8GA==

js-yaml@^3.13.1, js-yaml@^3.2.2:
  version "3.14.1"
  resolved "https://registry.npmmirror.com/js-yaml/-/js-yaml-3.14.1.tgz#dae812fdb3825fa306609a8717383c50c36a0537"
  integrity sha512-okMH7OXXJ7YrN9Ok3/SXrnu4iX9yOk+25nqX4imS2npuvTYDmo/QEZoqwZkYaIDk3jVvBOTOIEgEhaLOynBS9g==
  dependencies:
    argparse "^1.0.7"
    esprima "^4.0.0"

js-yaml@~3.0.2:
  version "3.0.2"
  resolved "https://registry.npmmirror.com/js-yaml/-/js-yaml-3.0.2.tgz#9937865f8e897a5e894e73c2c5cf2e89b32eb771"
  integrity sha512-8PVwV1480dnAPMj8FCW3I/mZZ+gvtOoMAZFWJKagkFq2eWv5kcyzWTR+6MloV0SY57t6jSIaKc7DIz86K9ZCfA==
  dependencies:
    argparse "~ 0.1.11"
    esprima "~ 1.0.2"

kind-of@^0.1.0:
  version "0.1.2"
  resolved "https://registry.npmmirror.com/kind-of/-/kind-of-0.1.2.tgz#07bd601cc9433f5d79bd5edd2031ed155f0604a4"
  integrity sha512-YQVwwzqzVO4HhTxM5fvTJ5Qe47ln64IM7wa1UP9R5GNNHqY3H3QThzpMDPorp9HLrsMuN2blNhI7bTQV+BMEKA==

kind-of@^6.0.0, kind-of@^6.0.2:
  version "6.0.3"
  resolved "https://registry.npmmirror.com/kind-of/-/kind-of-6.0.3.tgz#07c05034a6c349fa06e24fa35aa76db4580ce4dd"
  integrity sha512-dcS1ul+9tmeD95T+x28/ehLgd9mENa3LsvDTtzm3vyBEO7RPptvAD+t44WVXaUjTBRcrpFeFlC8WCruUR456hw==

lodash@^2.4.1, lodash@~2.4.1:
  version "2.4.2"
  resolved "https://registry.npmmirror.com/lodash/-/lodash-2.4.2.tgz#fadd834b9683073da179b3eae6d9c0d15053f73e"
  integrity sha512-Kak1hi6/hYHGVPmdyiZijoQyz5x2iGVzs6w9GYB/HiXEtylY7tIoYEROMjvM1d9nXJqPOrG2MNPMn01bJ+S0Rw==

lru-cache@2:
  version "2.7.3"
  resolved "https://registry.npmmirror.com/lru-cache/-/lru-cache-2.7.3.tgz#6d4524e8b955f95d4f5b58851ce21dd72fb4e952"
  integrity sha512-WpibWJ60c3AgAz8a2iYErDrcT2C7OmKnsWhIcHOjkUHFjkXncJhtLxNSqUmxRxRunpb5I8Vprd7aNSd2NtksJQ==

marked-toc@^0.3.0:
  version "0.3.0"
  resolved "https://registry.npmmirror.com/marked-toc/-/marked-toc-0.3.0.tgz#079a8a8da4bf76c62eff9bfabbf53fb33443837a"
  integrity sha512-NLyz47kKKIMSneR5KJnuS5A/UggNh9fTi+CNcnFeUm/Och42qGWoPNYhPtn0aSh8lJuHs9rE9dRXvtyCPc6rXQ==
  dependencies:
    fs-utils "^0.5.0"
    gray-matter "^0.5.1"
    lodash "~2.4.1"
    marked "0.3.0"
    template "~0.1.6"
    uslug "~1.0.3"

marked@0.3.0:
  version "0.3.0"
  resolved "https://registry.npmmirror.com/marked/-/marked-0.3.0.tgz#5f93791a553b2d073c117edbc53747865cf14168"
  integrity sha512-jlLLTPhGfXdKySncGTgOIrko3LWeJ5e8GeeDZgHQleaRyEs7YmiLEstXafUU8/tX6rN8Ln35zkxO3qYUcx96gg==

marked@^0.3.5:
  version "0.3.19"
  resolved "https://registry.npmmirror.com/marked/-/marked-0.3.19.tgz#5d47f709c4c9fc3c216b6d46127280f40b39d790"
  integrity sha512-ea2eGWOqNxPcXv8dyERdSr/6FmzvWwzjMxpfGB/sbMccXoct+xY+YukPD+QTUZwyvK7BZwcr4m21WBOW41pAkg==

minimatch@0.3:
  version "0.3.0"
  resolved "https://registry.npmmirror.com/minimatch/-/minimatch-0.3.0.tgz#275d8edaac4f1bb3326472089e7949c8394699dd"
  integrity sha512-WFX1jI1AaxNTZVOHLBVazwTWKaQjoykSzCBNXB72vDTCzopQGtyP91tKdFK5cv1+qMwPyiTu1HqUriqplI8pcA==
  dependencies:
    lru-cache "2"
    sigmund "~1.0.0"

minimatch@^2.0.1:
  version "2.0.10"
  resolved "https://registry.npmmirror.com/minimatch/-/minimatch-2.0.10.tgz#8d087c39c6b38c001b97fca7ce6d0e1e80afbac7"
  integrity sha512-jQo6o1qSVLEWaw3l+bwYA2X0uLuK2KjNh2wjgO7Q/9UJnXr1Q3yQKR8BI0/Bt/rPg75e6SMW4hW/6cBHVTZUjA==
  dependencies:
    brace-expansion "^1.0.0"

minimatch@^3.1.1:
  version "3.1.2"
  resolved "https://registry.npmmirror.com/minimatch/-/minimatch-3.1.2.tgz#19cd194bfd3e428f049a70817c038d89ab4be35b"
  integrity sha512-J7p63hRiAjw1NDEww1W7i37+ByIrOWO5XQQAzZ3VOcL0PNybwpfmV/N05zFAzwQ9USyEcX6t3UO+K5aqBQOIHw==
  dependencies:
    brace-expansion "^1.1.7"

minimatch@~0.2.11:
  version "0.2.14"
  resolved "https://registry.npmmirror.com/minimatch/-/minimatch-0.2.14.tgz#c74e780574f63c6f9a090e90efbe6ef53a6a756a"
  integrity sha512-zZ+Jy8lVWlvqqeM8iZB7w7KmQkoJn8djM585z88rywrEbzoqawVa9FR5p2hwD+y74nfuKOjmNvi9gtWJNLqHvA==
  dependencies:
    lru-cache "2"
    sigmund "~1.0.0"

minimist@0.0.8:
  version "0.0.8"
  resolved "https://registry.npmmirror.com/minimist/-/minimist-0.0.8.tgz#857fcabfc3397d2625b8228262e86aa7a011b05d"
  integrity sha512-miQKw5Hv4NS1Psg2517mV4e4dYNaO3++hjAvLOAzKqZ61rH8NS1SK+vbfBWZ5PY/Me/bEWhUwqMghEW5Fb9T7Q==

mixin-deep@^0.1.0:
  version "0.1.0"
  resolved "https://registry.npmmirror.com/mixin-deep/-/mixin-deep-0.1.0.tgz#2cc75d77097f309e9d46ed931e5d4c038485f9a8"
  integrity sha512-+mgn4VIGXWawt4By77y4pBFniUjqUU7kqW7U76fwobZa9pK0WRsVwX9SiG8ojJ67q9qjhkZGARpJhy2c3anKpA==
  dependencies:
    for-own "^0.1.1"
    is-plain-object "^0.1.0"

mkdirp@0.5.0:
  version "0.5.0"
  resolved "https://registry.npmmirror.com/mkdirp/-/mkdirp-0.5.0.tgz#1d73076a6df986cd9344e15e71fcc05a4c9abf12"
  integrity sha512-xjjNGy+ry1lhtIKcr2PT6ok3aszhQfgrUDp4OZLHacgRgFmF6XR9XCOJVcXlVGQonIqXcK1DvqgKKQOPWYGSfw==
  dependencies:
    minimist "0.0.8"

mkdirp@~0.3.5:
  version "0.3.5"
  resolved "https://registry.npmmirror.com/mkdirp/-/mkdirp-0.3.5.tgz#de3e5f8961c88c787ee1368df849ac4413eca8d7"
  integrity sha512-8OCq0De/h9ZxseqzCH8Kw/Filf5pF/vMI6+BH7Lu0jXz2pqYCjTAQRolSxRIi+Ax+oCCjlxoJMP0YQ4XlrQNHg==

moment@^2.29.4:
  version "2.29.4"
  resolved "https://registry.npmmirror.com/moment/-/moment-2.29.4.tgz#3dbe052889fe7c1b2ed966fcb3a77328964ef108"
  integrity sha512-5LC9SOxjSc2HF6vO2CyuTDNivEdoz2IvyJJGj6X8DJ0eFyfszE0QiEd+iXmBvUP3WHxSjFH/vIsA0EN00cgr8w==

normalize-path@^0.1.1:
  version "0.1.1"
  resolved "https://registry.npmmirror.com/normalize-path/-/normalize-path-0.1.1.tgz#6c701248fdb9896d1fee1aa6620da77feed4d367"
  integrity sha512-a563+0LbpFRHIC/TzrhZmRz8yq3dkv7EjPO55JLsuysJcG9HB3Tivyjasoy7rj/edeSy75RbuW5unIQWNq1t3Q==

object-pick@^0.1.1:
  version "0.1.2"
  resolved "https://registry.npmmirror.com/object-pick/-/object-pick-0.1.2.tgz#b53be7075f8b4ffbf2f8bc280d753fee1afe5801"
  integrity sha512-ZkW7Q+4tH00luHWvr0uVTvVRB9J9ZJ02SjARDs7DLt/V220GOvG97q0aegQeGvvsHmG8rORGjezHbWOj4sctLw==

once@^1.3.0:
  version "1.4.0"
  resolved "https://registry.npmmirror.com/once/-/once-1.4.0.tgz#583b1aa775961d4b113ac17d9c50baef9dd76bd1"
  integrity sha512-lNaJgI+2Q5URQBkccEKHTQOPaXdUxnZZElQTZY0MFUAuaEqe1E+Nyvgdz/aIyNi6Z9MzO5dv1H8n58/GELp3+w==
  dependencies:
    wrappy "1"

path-is-absolute@^1.0.0:
  version "1.0.1"
  resolved "https://registry.npmmirror.com/path-is-absolute/-/path-is-absolute-1.0.1.tgz#174b9268735534ffbc7ace6bf53a5a9e1b5c5f5f"
  integrity sha512-AVbw3UJ2e9bq64vSaS9Am0fje1Pa8pbGqTTsmXfaIiMpnr5DlDhfJOuLj9Sf95ZPVDAUerDfEk88MPmPe7UCQg==

path-is-inside@^1.0.1:
  version "1.0.2"
  resolved "https://registry.npmmirror.com/path-is-inside/-/path-is-inside-1.0.2.tgz#365417dede44430d1c11af61027facf074bdfc53"
  integrity sha512-DUWJr3+ULp4zXmol/SZkFf3JGsS9/SIv+Y3Rt93/UjPpDpklB5f1er4O3POIbUuUJ3FXgqte2Q7SrU6zAqwk8w==

path@0.12.7:
  version "0.12.7"
  resolved "https://registry.npmmirror.com/path/-/path-0.12.7.tgz#d4dc2a506c4ce2197eb481ebfcd5b36c0140b10f"
  integrity sha512-aXXC6s+1w7otVF9UletFkFcDsJeO7lSZBPUQhtb5O0xJe8LtYhj/GxldoL09bBj9+ZmE2hNoHqQSFMN5fikh4Q==
  dependencies:
    process "^0.11.1"
    util "^0.10.3"

process@^0.11.1:
  version "0.11.10"
  resolved "https://registry.npmmirror.com/process/-/process-0.11.10.tgz#7332300e840161bda3e69a1d1d91a7d4bc16f182"
  integrity sha512-cdGef/drWFoydD1JsMzuFf8100nZl+GT+yacc2bEced5f9Rjk4z+WtFUTBu9PhOi9j/jfmBPu0mMEY4wIdAF8A==

relative@^0.1.6:
  version "0.1.6"
  resolved "https://registry.npmmirror.com/relative/-/relative-0.1.6.tgz#adc35dee5b8d3af5242bb2e6889cbcfe7a99886c"
  integrity sha512-t8qHqtK78vLsUIzxjwVXVolwT0mG8HP+d6k9smS1XrYFd2IktUV49CeT2DVaPhP74pTPSeZnRjPo1aTyJrImsQ==
  dependencies:
    normalize-path "^0.1.1"

require-directory@^2.1.1:
  version "2.1.1"
  resolved "https://registry.npmmirror.com/require-directory/-/require-directory-2.1.1.tgz#8c64ad5fd30dab1c976e2344ffe7f792a6a6df42"
  integrity sha512-fGxEI7+wsG9xrvdjsrlmL22OMTTiHRwAMroiEeMgq8gzoLC/PQr7RsRDSTLUg/bZAZtF+TVIkHc6/4RIKrui+Q==

rimraf@^2.2.8:
  version "2.7.1"
  resolved "https://registry.npmmirror.com/rimraf/-/rimraf-2.7.1.tgz#35797f13a7fdadc566142c29d4f07ccad483e3ec"
  integrity sha512-uWjbaKIK3T1OSVptzX7Nl6PvQ3qAGtKEtVRjRuazjfL3Bx5eI409VZSqgND+4UNnmzLVdPj9FqFJNPqBZFve4w==
  dependencies:
    glob "^7.1.3"

rimraf@~2.2.6:
  version "2.2.8"
  resolved "https://registry.npmmirror.com/rimraf/-/rimraf-2.2.8.tgz#e439be2aaee327321952730f99a8929e4fc50582"
  integrity sha512-R5KMKHnPAQaZMqLOsyuyUmcIjSeDm+73eoqQpaXA7AZ22BL+6C+1mcUscgOsNd8WVlJuvlgAPsegcx7pjlV0Dg==

section-matter@^1.0.0:
  version "1.0.0"
  resolved "https://registry.npmmirror.com/section-matter/-/section-matter-1.0.0.tgz#e9041953506780ec01d59f292a19c7b850b84167"
  integrity sha512-vfD3pmTzGpufjScBh50YHKzEu2lxBWhVEHsNGoEXmCmn2hKGfeNLYMzCJpe8cD7gqX7TJluOVpBkAequ6dgMmA==
  dependencies:
    extend-shallow "^2.0.1"
    kind-of "^6.0.0"

sigmund@~1.0.0:
  version "1.0.1"
  resolved "https://registry.npmmirror.com/sigmund/-/sigmund-1.0.1.tgz#3ff21f198cad2175f9f3b781853fd94d0d19b590"
  integrity sha512-fCvEXfh6NWpm+YSuY2bpXb/VIihqWA6hLsgboC+0nl71Q7N7o2eaCW8mJa/NLvQhs6jpd3VZV4UiUQlV6+lc8g==

sprintf-js@~1.0.2:
  version "1.0.3"
  resolved "https://registry.npmmirror.com/sprintf-js/-/sprintf-js-1.0.3.tgz#04e6926f662895354f3dd015203633b857297e2c"
  integrity sha512-D9cPgkvLlV3t3IzL0D0YLvGA9Ahk4PcvVwUbN0dSGr1aP0Nrt4AEnTUbuGvquEC0mA64Gqt1fzirlRs5ibXx8g==

string-width@^4.1.0, string-width@^4.2.0, string-width@^4.2.3:
  version "4.2.3"
  resolved "https://registry.npmmirror.com/string-width/-/string-width-4.2.3.tgz#269c7117d27b05ad2e536830a8ec895ef9c6d010"
  integrity sha512-wKyQRQpjJ0sIp62ErSZdGsjMJWsap5oRNihHhu6G7JVO/9jIB6UyevL+tXuOqrng8j/cxKTWyWUwvSTriiZz/g==
  dependencies:
    emoji-regex "^8.0.0"
    is-fullwidth-code-point "^3.0.0"
    strip-ansi "^6.0.1"

strip-ansi@^6.0.0, strip-ansi@^6.0.1:
  version "6.0.1"
  resolved "https://registry.npmmirror.com/strip-ansi/-/strip-ansi-6.0.1.tgz#9e26c63d30f53443e9489495b2105d37b67a85d9"
  integrity sha512-Y38VPSHcqkFrCpFnQ9vuSXmquuv5oXOKpGeT6aGrr3o3Gc9AlVa6JBfUSOCnbxGGZF+/0ooI7KrPuUSztUdU5A==
  dependencies:
    ansi-regex "^5.0.1"

strip-ansi@~0.1.0:
  version "0.1.1"
  resolved "https://registry.npmmirror.com/strip-ansi/-/strip-ansi-0.1.1.tgz#39e8a98d044d150660abe4a6808acf70bb7bc991"
  integrity sha512-behete+3uqxecWlDAm5lmskaSaISA+ThQ4oNNBDTBJt0x2ppR6IPqfZNuj6BLaLJ/Sji4TPZlcRyOis8wXQTLg==

strip-bom-string@^1.0.0:
  version "1.0.0"
  resolved "https://registry.npmmirror.com/strip-bom-string/-/strip-bom-string-1.0.0.tgz#e5211e9224369fbb81d633a2f00044dc8cedad92"
  integrity sha512-uCC2VHvQRYu+lMh4My/sFNmF2klFymLX1wHJeXnbEJERpV/ZsVuonzerjfrGpIGF7LBVa1O7i9kjiWvJiFck8g==

template@~0.1.6:
  version "0.1.8"
  resolved "https://registry.npmmirror.com/template/-/template-0.1.8.tgz#17cac0ee7a0eff58dd6b8f18ea6b05a071174fc2"
  integrity sha512-jnn/HU8vWut+LYJuuGjOWrmwPEw71QEBYoH2Zcv3pZPHSyvdVPTVlcj+tezbln1GaT07cT4rr8ATHMJWvy+Kgw==
  dependencies:
    delims "~0.1.4"
    fs-utils "~0.4.1"
    lodash "~2.4.1"
    underscore.string "~2.3.3"

toml@^2.0.6:
  version "2.3.6"
  resolved "https://registry.npmmirror.com/toml/-/toml-2.3.6.tgz#25b0866483a9722474895559088b436fd11f861b"
  integrity sha512-gVweAectJU3ebq//Ferr2JUY4WKSDe5N+z0FvjDncLGyHmIDoxgY/2Ie4qfEIDm4IS7OA6Rmdm7pdEEdMcV/xQ==

transliteration@^2.3.5:
  version "2.3.5"
  resolved "https://registry.npmmirror.com/transliteration/-/transliteration-2.3.5.tgz#8f92309575f69e4a8a525dab4ff705ebcf961c45"
  integrity sha512-HAGI4Lq4Q9dZ3Utu2phaWgtm3vB6PkLUFqWAScg/UW+1eZ/Tg6Exo4oC0/3VUol/w4BlefLhUUSVBr/9/ZGQOw==
  dependencies:
    yargs "^17.5.1"

underscore.string@~2.3.3:
  version "2.3.3"
  resolved "https://registry.npmmirror.com/underscore.string/-/underscore.string-2.3.3.tgz#71c08bf6b428b1133f37e78fa3a21c82f7329b0d"
  integrity sha512-hbD5MibthuDAu4yA5wxes5bzFgqd3PpBJuClbRxaNddxfdsz+qf+1kHwrGQFrmchmDHb9iNU+6EHDn8uj0xDJg==

underscore.string@~2.4.0:
  version "2.4.0"
  resolved "https://registry.npmmirror.com/underscore.string/-/underscore.string-2.4.0.tgz#8cdd8fbac4e2d2ea1e7e2e8097c42f442280f85b"
  integrity sha512-yxkabuCaIBnzfIvX3kBxQqCs0ar/bfJwDnFEHJUm/ZrRVhT3IItdRF5cZjARLzEnyQYtIUhsZ2LG2j3HidFOFQ==

underscore@1.8.3:
  version "1.8.3"
  resolved "https://registry.npmmirror.com/underscore/-/underscore-1.8.3.tgz#4f3fb53b106e6097fcf9cb4109f2a5e9bdfa5022"
  integrity sha512-5WsVTFcH1ut/kkhAaHf4PVgI8c7++GiVcpCGxPouI6ZVjsqPnSDf8h/8HtVqc0t4fzRXwnMK70EcZeAs3PIddg==

underscore@~1.7.0:
  version "1.7.0"
  resolved "https://registry.npmmirror.com/underscore/-/underscore-1.7.0.tgz#6bbaf0877500d36be34ecaa584e0db9fef035209"
  integrity sha512-cp0oQQyZhUM1kpJDLdGO1jPZHgS/MpzoWYfe9+CM2h/QGDZlqwT2T3YGukuBdaNJ/CAPoeyAZRRHz8JFo176vA==

"unorm@>= 1.0.0":
  version "1.6.0"
  resolved "https://registry.npmmirror.com/unorm/-/unorm-1.6.0.tgz#029b289661fba714f1a9af439eb51d9b16c205af"
  integrity sha512-b2/KCUlYZUeA7JFUuRJZPUtr4gZvBh7tavtv4fvk4+KV9pfGiR6CQAQAWl49ZpR3ts2dk4FYkP7EIgDJoiOLDA==

uslug@~1.0.3:
  version "1.0.4"
  resolved "https://registry.npmmirror.com/uslug/-/uslug-1.0.4.tgz#b9a22f0914e0a86140633dacc302e5f4fa450677"
  integrity sha512-Jrbpp/NS3TvIGNjfJT1sn3/BCeykoxR8GbNYW5lF6fUscLkbXFwj1b7m4DvIkHm8k3Qr6Co68lbTmoZTMGk/ow==
  dependencies:
    unorm ">= 1.0.0"

util@^0.10.3:
  version "0.10.4"
  resolved "https://registry.npmmirror.com/util/-/util-0.10.4.tgz#3aa0125bfe668a4672de58857d3ace27ecb76901"
  integrity sha512-0Pm9hTQ3se5ll1XihRic3FDIku70C+iHUdT/W926rSgHV5QgXsYbKZN8MSC3tJtSkhuROzvsQjAaFENRXr+19A==
  dependencies:
    inherits "2.0.3"

verbalize@^0.1.2:
  version "0.1.2"
  resolved "https://registry.npmmirror.com/verbalize/-/verbalize-0.1.2.tgz#165fda4640331548f8e990b1d7e14395eb720207"
  integrity sha512-np7jPE3fqF3KHwZJ6hy+3O/E4DwYVZtktw0I6viZsaCxOzq1WRUdBf9O0Ur3qKa1qcvftpvvljiLyRUIYcMNhw==
  dependencies:
    chalk "~0.4.0"

wrap-ansi@^7.0.0:
  version "7.0.0"
  resolved "https://registry.npmmirror.com/wrap-ansi/-/wrap-ansi-7.0.0.tgz#67e145cff510a6a6984bdf1152911d69d2eb9e43"
  integrity sha512-YVGIj2kamLSTxw6NsZjoBxfSwsn0ycdesmc4p+Q21c5zPuZ1pl+NfxVdxPtdHvmNVOQ6XSYG4AUtyt/Fi7D16Q==
  dependencies:
    ansi-styles "^4.0.0"
    string-width "^4.1.0"
    strip-ansi "^6.0.0"

wrappy@1:
  version "1.0.2"
  resolved "https://registry.npmmirror.com/wrappy/-/wrappy-1.0.2.tgz#b5243d8f3ec1aa35f1364605bc0d1036e30ab69f"
  integrity sha512-l4Sp/DRseor9wL6EvV2+TuQn63dMkPjZ/sp9XkghTEbV9KlPS1xUsZ3u7/IQO4wxtcFB4bgpQPRcR3QCvezPcQ==

y18n@^5.0.5:
  version "5.0.8"
  resolved "https://registry.npmmirror.com/y18n/-/y18n-5.0.8.tgz#7f4934d0f7ca8c56f95314939ddcd2dd91ce1d55"
  integrity sha512-0pfFzegeDWJHJIAmTLRP2DwHjdF5s7jo9tuztdQxAhINCdvS+3nGINqPd00AphqJR/0LhANUS6/+7SCb98YOfA==

yargs-parser@^21.1.1:
  version "21.1.1"
  resolved "https://registry.npmmirror.com/yargs-parser/-/yargs-parser-21.1.1.tgz#9096bceebf990d21bb31fa9516e0ede294a77d35"
  integrity sha512-tVpsJW7DdjecAiFpbIB1e3qxIQsE6NoPc5/eTdrbbIC4h0LVsWhnoa3g+m2HclBIujHzsxZ4VJVA+GUuc2/LBw==

yargs@^17.5.1:
  version "17.7.2"
  resolved "https://registry.npmmirror.com/yargs/-/yargs-17.7.2.tgz#991df39aca675a192b816e1e0363f9d75d2aa269"
  integrity sha512-7dSzzRQ++CKnNI/krKnYRV7JKKPUXMEh61soaHKg9mrWEhzFWhFnxPxGl+69cD1Ou63C13NUPCnmIcrvqCuM6w==
  dependencies:
    cliui "^8.0.1"
    escalade "^3.1.1"
    get-caller-file "^2.0.5"
    require-directory "^2.1.1"
    string-width "^4.2.3"
    y18n "^5.0.5"
    yargs-parser "^21.1.1"

youdao@0.0.10:
  version "0.0.10"
  resolved "https://registry.npmmirror.com/youdao/-/youdao-0.0.10.tgz#a93f4008b4e5be4d56965ffd5d207480ce46ad34"
  integrity sha512-MZ9FhR644i5DarrkZicfoVZrBep2hkDjTlueBpFVYx4HNC3fTTDAzvrMCtYBCaFwO9eAZdn0IgKhwFWS2tJXOw==
